
Microsoft Visual Studio Solution File, Format Version 12.00
# Visual Studio Version 16
VisualStudioVersion = 16.0.30523.141
MinimumVisualStudioVersion = 10.0.40219.1
Project("{FAE04EC0-301F-11D3-BF4B-00C04F79EFBC}") = "MyFirstApp", "MyFirstApp.csproj", "{997E2F3F-4932-4761-877A-128598F0DFD4}"
EndProject
Global
	GlobalSection(SolutionConfigurationPlatforms) = preSolution
		Debug|Any CPU = Debug|Any CPU
		Release|Any CPU = Release|Any CPU
	EndGlobalSection
	GlobalSection(ProjectConfigurationPlatforms) = postSolution
		{997E2F3F-4932-4761-877A-128598F0DFD4}.Debug|Any CPU.ActiveCfg = Debug|Any CPU
		{997E2F3F-4932-4761-877A-128598F0DFD4}.Debug|Any CPU.Build.0 = Debug|Any CPU
		{997E2F3F-4932-4761-877A-128598F0DFD4}.Release|Any CPU.ActiveCfg = Release|Any CPU
		{997E2F3F-4932-4761-877A-128598F0DFD4}.Release|Any CPU.Build.0 = Release|Any CPU
	EndGlobalSection
	GlobalSection(SolutionProperties) = preSolution
		HideSolutionNode = FALSE
	EndGlobalSection
	GlobalSection(ExtensibilityGlobals) = postSolution
		SolutionGuid = {2F9A29FF-60D4-495C-B078-C80150D5AB46}
	EndGlobalSection
EndGlobal
